
Microsoft Visual Studio Solution File, Format Version 12.00
# Visual Studio Version 17
VisualStudioVersion = 17.0.31903.59
MinimumVisualStudioVersion = 10.0.40219.1
Project("{2150E333-8FDC-42A3-9474-1A3956D46DE8}") = "Src", "Src", "{D87412D0-C942-4602-8DC7-188A4D854AD5}"
EndProject
Project("{2150E333-8FDC-42A3-9474-1A3956D46DE8}") = "Doc", "Doc", "{933F40D1-85AA-4740-A220-7B524DCD75C2}"
EndProject
Project("{2150E333-8FDC-42A3-9474-1A3956D46DE8}") = "UnitTest", "UnitTest", "{0295774F-E20E-4803-B03F-5D45E834FC61}"
EndProject
Project("{2150E333-8FDC-42A3-9474-1A3956D46DE8}") = "Core", "Core", "{C8C75667-D37B-4D82-8E6F-E668EB79B981}"
EndProject
Project("{2150E333-8FDC-42A3-9474-1A3956D46DE8}") = "Common", "Common", "{1DC0D7AF-28DE-419E-889E-AC2244905897}"
EndProject
Project("{2150E333-8FDC-42A3-9474-1A3956D46DE8}") = "Inferstructur", "Inferstructur", "{5C5ABBE8-6430-4993-A4E4-A3EE86912A85}"
EndProject
Project("{2150E333-8FDC-42A3-9474-1A3956D46DE8}") = "Prsention", "Prsention", "{8D95951D-05AB-4252-ABBB-6E604563AE6E}"
EndProject
Project("{9A19103F-16F7-4668-BE54-9A1E7A4F7556}") = "Common", "Common\Common.csproj", "{5B1B312B-A9EC-4FF8-80DF-BD55F9B849E2}"
EndProject
Project("{9A19103F-16F7-4668-BE54-9A1E7A4F7556}") = "Application", "Application\Application.csproj", "{4F3A2F77-C62D-4602-AFE9-A22FA76118CC}"
EndProject
Project("{9A19103F-16F7-4668-BE54-9A1E7A4F7556}") = "Inferstructure", "Inferstructure\Inferstructure.csproj", "{F46C53B8-4D2A-4DA5-8291-92376572D436}"
EndProject
Project("{9A19103F-16F7-4668-BE54-9A1E7A4F7556}") = "Persistance", "Persistance\Persistance.csproj", "{EA9D3B92-6868-40C9-B51A-FF523C38D9F5}"
EndProject
Project("{9A19103F-16F7-4668-BE54-9A1E7A4F7556}") = "EndPoint", "EndPoint\EndPoint.csproj", "{61DBB97E-5B02-42FC-AB16-5958AD3F2BBD}"
EndProject
Project("{9A19103F-16F7-4668-BE54-9A1E7A4F7556}") = "Domain", "Domain\Domain.csproj", "{28923843-5943-4B15-955A-3EAAB9FEBA41}"
EndProject
Project("{2150E333-8FDC-42A3-9474-1A3956D46DE8}") = "Src", "Src", "{79157185-70A3-4318-AEBC-A79765BDEA3E}"
EndProject
Global
	GlobalSection(SolutionConfigurationPlatforms) = preSolution
		Debug|Any CPU = Debug|Any CPU
		Release|Any CPU = Release|Any CPU
	EndGlobalSection
	GlobalSection(ProjectConfigurationPlatforms) = postSolution
		{5B1B312B-A9EC-4FF8-80DF-BD55F9B849E2}.Debug|Any CPU.ActiveCfg = Debug|Any CPU
		{5B1B312B-A9EC-4FF8-80DF-BD55F9B849E2}.Debug|Any CPU.Build.0 = Debug|Any CPU
		{5B1B312B-A9EC-4FF8-80DF-BD55F9B849E2}.Release|Any CPU.ActiveCfg = Release|Any CPU
		{5B1B312B-A9EC-4FF8-80DF-BD55F9B849E2}.Release|Any CPU.Build.0 = Release|Any CPU
		{4F3A2F77-C62D-4602-AFE9-A22FA76118CC}.Debug|Any CPU.ActiveCfg = Debug|Any CPU
		{4F3A2F77-C62D-4602-AFE9-A22FA76118CC}.Debug|Any CPU.Build.0 = Debug|Any CPU
		{4F3A2F77-C62D-4602-AFE9-A22FA76118CC}.Release|Any CPU.ActiveCfg = Release|Any CPU
		{4F3A2F77-C62D-4602-AFE9-A22FA76118CC}.Release|Any CPU.Build.0 = Release|Any CPU
		{F46C53B8-4D2A-4DA5-8291-92376572D436}.Debug|Any CPU.ActiveCfg = Debug|Any CPU
		{F46C53B8-4D2A-4DA5-8291-92376572D436}.Debug|Any CPU.Build.0 = Debug|Any CPU
		{F46C53B8-4D2A-4DA5-8291-92376572D436}.Release|Any CPU.ActiveCfg = Release|Any CPU
		{F46C53B8-4D2A-4DA5-8291-92376572D436}.Release|Any CPU.Build.0 = Release|Any CPU
		{EA9D3B92-6868-40C9-B51A-FF523C38D9F5}.Debug|Any CPU.ActiveCfg = Debug|Any CPU
		{EA9D3B92-6868-40C9-B51A-FF523C38D9F5}.Debug|Any CPU.Build.0 = Debug|Any CPU
		{EA9D3B92-6868-40C9-B51A-FF523C38D9F5}.Release|Any CPU.ActiveCfg = Release|Any CPU
		{EA9D3B92-6868-40C9-B51A-FF523C38D9F5}.Release|Any CPU.Build.0 = Release|Any CPU
		{61DBB97E-5B02-42FC-AB16-5958AD3F2BBD}.Debug|Any CPU.ActiveCfg = Debug|Any CPU
		{61DBB97E-5B02-42FC-AB16-5958AD3F2BBD}.Debug|Any CPU.Build.0 = Debug|Any CPU
		{61DBB97E-5B02-42FC-AB16-5958AD3F2BBD}.Release|Any CPU.ActiveCfg = Release|Any CPU
		{61DBB97E-5B02-42FC-AB16-5958AD3F2BBD}.Release|Any CPU.Build.0 = Release|Any CPU
		{28923843-5943-4B15-955A-3EAAB9FEBA41}.Debug|Any CPU.ActiveCfg = Debug|Any CPU
		{28923843-5943-4B15-955A-3EAAB9FEBA41}.Debug|Any CPU.Build.0 = Debug|Any CPU
		{28923843-5943-4B15-955A-3EAAB9FEBA41}.Release|Any CPU.ActiveCfg = Release|Any CPU
		{28923843-5943-4B15-955A-3EAAB9FEBA41}.Release|Any CPU.Build.0 = Release|Any CPU
	EndGlobalSection
	GlobalSection(SolutionProperties) = preSolution
		HideSolutionNode = FALSE
	EndGlobalSection
	GlobalSection(NestedProjects) = preSolution
		{933F40D1-85AA-4740-A220-7B524DCD75C2} = {D87412D0-C942-4602-8DC7-188A4D854AD5}
		{0295774F-E20E-4803-B03F-5D45E834FC61} = {D87412D0-C942-4602-8DC7-188A4D854AD5}
		{C8C75667-D37B-4D82-8E6F-E668EB79B981} = {79157185-70A3-4318-AEBC-A79765BDEA3E}
		{1DC0D7AF-28DE-419E-889E-AC2244905897} = {79157185-70A3-4318-AEBC-A79765BDEA3E}
		{5C5ABBE8-6430-4993-A4E4-A3EE86912A85} = {79157185-70A3-4318-AEBC-A79765BDEA3E}
		{8D95951D-05AB-4252-ABBB-6E604563AE6E} = {79157185-70A3-4318-AEBC-A79765BDEA3E}
		{5B1B312B-A9EC-4FF8-80DF-BD55F9B849E2} = {1DC0D7AF-28DE-419E-889E-AC2244905897}
		{4F3A2F77-C62D-4602-AFE9-A22FA76118CC} = {C8C75667-D37B-4D82-8E6F-E668EB79B981}
		{F46C53B8-4D2A-4DA5-8291-92376572D436} = {5C5ABBE8-6430-4993-A4E4-A3EE86912A85}
		{EA9D3B92-6868-40C9-B51A-FF523C38D9F5} = {5C5ABBE8-6430-4993-A4E4-A3EE86912A85}
		{61DBB97E-5B02-42FC-AB16-5958AD3F2BBD} = {8D95951D-05AB-4252-ABBB-6E604563AE6E}
		{28923843-5943-4B15-955A-3EAAB9FEBA41} = {C8C75667-D37B-4D82-8E6F-E668EB79B981}
		{79157185-70A3-4318-AEBC-A79765BDEA3E} = {D87412D0-C942-4602-8DC7-188A4D854AD5}
	EndGlobalSection
	GlobalSection(ExtensibilityGlobals) = postSolution
		SolutionGuid = {5F21D664-4909-4EA6-886A-115733380D59}
	EndGlobalSection
EndGlobal
